
Microsoft Visual Studio Solution File, Format Version 12.00
# Visual Studio 14
VisualStudioVersion = 14.0.24720.0
MinimumVisualStudioVersion = 10.0.40219.1
Project("{FAE04EC0-301F-11D3-BF4B-00C04F79EFBC}") = "ChargeSim", "ChargeSim\ChargeSim.csproj", "{DDFD52B4-E459-4DDE-A86F-FA9D51FAA58D}"
EndProject
Project("{FAE04EC0-301F-11D3-BF4B-00C04F79EFBC}") = "DebugConsole", "DebugConsole\DebugConsole.csproj", "{213784C9-7E32-40B6-86A8-5BC9A8A58452}"
EndProject
Project("{FAE04EC0-301F-11D3-BF4B-00C04F79EFBC}") = "ChargeSim Visualizer", "ChargeSim Visualizer\ChargeSim Visualizer.csproj", "{A85328D6-E983-4DF8-9A29-C49F17AB1C99}"
EndProject
Global
	GlobalSection(SolutionConfigurationPlatforms) = preSolution
		Debug|Any CPU = Debug|Any CPU
		Release|Any CPU = Release|Any CPU
	EndGlobalSection
	GlobalSection(ProjectConfigurationPlatforms) = postSolution
		{DDFD52B4-E459-4DDE-A86F-FA9D51FAA58D}.Debug|Any CPU.ActiveCfg = Debug|Any CPU
		{DDFD52B4-E459-4DDE-A86F-FA9D51FAA58D}.Debug|Any CPU.Build.0 = Debug|Any CPU
		{DDFD52B4-E459-4DDE-A86F-FA9D51FAA58D}.Release|Any CPU.ActiveCfg = Release|Any CPU
		{DDFD52B4-E459-4DDE-A86F-FA9D51FAA58D}.Release|Any CPU.Build.0 = Release|Any CPU
		{213784C9-7E32-40B6-86A8-5BC9A8A58452}.Debug|Any CPU.ActiveCfg = Debug|Any CPU
		{213784C9-7E32-40B6-86A8-5BC9A8A58452}.Debug|Any CPU.Build.0 = Debug|Any CPU
		{213784C9-7E32-40B6-86A8-5BC9A8A58452}.Release|Any CPU.ActiveCfg = Release|Any CPU
		{213784C9-7E32-40B6-86A8-5BC9A8A58452}.Release|Any CPU.Build.0 = Release|Any CPU
		{A85328D6-E983-4DF8-9A29-C49F17AB1C99}.Debug|Any CPU.ActiveCfg = Debug|Any CPU
		{A85328D6-E983-4DF8-9A29-C49F17AB1C99}.Debug|Any CPU.Build.0 = Debug|Any CPU
		{A85328D6-E983-4DF8-9A29-C49F17AB1C99}.Release|Any CPU.ActiveCfg = Release|Any CPU
		{A85328D6-E983-4DF8-9A29-C49F17AB1C99}.Release|Any CPU.Build.0 = Release|Any CPU
	EndGlobalSection
	GlobalSection(SolutionProperties) = preSolution
		HideSolutionNode = FALSE
	EndGlobalSection
EndGlobal
